
Microsoft Visual Studio Solution File, Format Version 12.00
# Visual Studio Version 16
VisualStudioVersion = 16.0.31613.86
MinimumVisualStudioVersion = 10.0.40219.1
Project("{FAE04EC0-301F-11D3-BF4B-00C04F79EFBC}") = "mqconsumer", "mqconsumer.csproj", "{87365373-2989-4CC9-9353-1BF570D3D419}"
EndProject
Global
	GlobalSection(SolutionConfigurationPlatforms) = preSolution
		Debug|Any CPU = Debug|Any CPU
		Release|Any CPU = Release|Any CPU
	EndGlobalSection
	GlobalSection(ProjectConfigurationPlatforms) = postSolution
		{87365373-2989-4CC9-9353-1BF570D3D419}.Debug|Any CPU.ActiveCfg = Debug|Any CPU
		{87365373-2989-4CC9-9353-1BF570D3D419}.Debug|Any CPU.Build.0 = Debug|Any CPU
		{87365373-2989-4CC9-9353-1BF570D3D419}.Release|Any CPU.ActiveCfg = Release|Any CPU
		{87365373-2989-4CC9-9353-1BF570D3D419}.Release|Any CPU.Build.0 = Release|Any CPU
	EndGlobalSection
	GlobalSection(SolutionProperties) = preSolution
		HideSolutionNode = FALSE
	EndGlobalSection
	GlobalSection(ExtensibilityGlobals) = postSolution
		SolutionGuid = {F54092B0-B2E4-4A22-9D91-16BE311D0A62}
	EndGlobalSection
EndGlobal
